
Microsoft Visual Studio Solution File, Format Version 12.00
# Visual Studio Version 17
VisualStudioVersion = 17.8.34408.163
MinimumVisualStudioVersion = 10.0.40219.1
Project("{FAE04EC0-301F-11D3-BF4B-00C04F79EFBC}") = "CourseProject1", "CourseProject1\CourseProject1.csproj", "{03F3A9A4-29DE-4FE8-8C1E-AA8CD2424B76}"
EndProject
Global
	GlobalSection(SolutionConfigurationPlatforms) = preSolution
		Debug|Any CPU = Debug|Any CPU
		Release|Any CPU = Release|Any CPU
	EndGlobalSection
	GlobalSection(ProjectConfigurationPlatforms) = postSolution
		{03F3A9A4-29DE-4FE8-8C1E-AA8CD2424B76}.Debug|Any CPU.ActiveCfg = Debug|Any CPU
		{03F3A9A4-29DE-4FE8-8C1E-AA8CD2424B76}.Debug|Any CPU.Build.0 = Debug|Any CPU
		{03F3A9A4-29DE-4FE8-8C1E-AA8CD2424B76}.Release|Any CPU.ActiveCfg = Release|Any CPU
		{03F3A9A4-29DE-4FE8-8C1E-AA8CD2424B76}.Release|Any CPU.Build.0 = Release|Any CPU
	EndGlobalSection
	GlobalSection(SolutionProperties) = preSolution
		HideSolutionNode = FALSE
	EndGlobalSection
	GlobalSection(ExtensibilityGlobals) = postSolution
		SolutionGuid = {850BE8A4-2181-42DE-BC1E-4282972EAF4B}
	EndGlobalSection
EndGlobal
